
Microsoft Visual Studio Solution File, Format Version 12.00
# Visual Studio Version 17
VisualStudioVersion = 17.6.33815.320
MinimumVisualStudioVersion = 10.0.40219.1
Project("{FAE04EC0-301F-11D3-BF4B-00C04F79EFBC}") = "FindMaximumUsingGenerics", "FindMaximumUsingGenerics\FindMaximumUsingGenerics.csproj", "{0E936489-AF44-4616-A2F1-EE09E896DF6F}"
EndProject
Global
	GlobalSection(SolutionConfigurationPlatforms) = preSolution
		Debug|Any CPU = Debug|Any CPU
		Release|Any CPU = Release|Any CPU
	EndGlobalSection
	GlobalSection(ProjectConfigurationPlatforms) = postSolution
		{0E936489-AF44-4616-A2F1-EE09E896DF6F}.Debug|Any CPU.ActiveCfg = Debug|Any CPU
		{0E936489-AF44-4616-A2F1-EE09E896DF6F}.Debug|Any CPU.Build.0 = Debug|Any CPU
		{0E936489-AF44-4616-A2F1-EE09E896DF6F}.Release|Any CPU.ActiveCfg = Release|Any CPU
		{0E936489-AF44-4616-A2F1-EE09E896DF6F}.Release|Any CPU.Build.0 = Release|Any CPU
	EndGlobalSection
	GlobalSection(SolutionProperties) = preSolution
		HideSolutionNode = FALSE
	EndGlobalSection
	GlobalSection(ExtensibilityGlobals) = postSolution
		SolutionGuid = {33B0D246-5D93-4F31-B237-9C6C37998570}
	EndGlobalSection
EndGlobal
